
Microsoft Visual Studio Solution File, Format Version 12.00
# Visual Studio Version 17
VisualStudioVersion = 17.11.35431.28
MinimumVisualStudioVersion = 10.0.40219.1
Project("{9A19103F-16F7-4668-BE54-9A1E7A4F7556}") = "JobsPages4Hangfire.Dashboard", "JobsPages4Hangfire.Dashboard\JobsPages4Hangfire.Dashboard.csproj", "{F34F65AC-F669-49EC-A42D-299C46260998}"
EndProject
Project("{2150E333-8FDC-42A3-9474-1A3956D46DE8}") = "samples", "samples", "{5D20AA90-6969-D8BD-9DCD-8634F4692FDA}"
EndProject
Project("{FAE04EC0-301F-11D3-BF4B-00C04F79EFBC}") = "JobsPages4Hangfire.Dashboard.Demo", "samples\JobsPages4Hangfire.Dashboard.Demo\JobsPages4Hangfire.Dashboard.Demo.csproj", "{AAD3FC84-7948-4F52-AC9F-67B62837569B}"
EndProject
Global
	GlobalSection(SolutionConfigurationPlatforms) = preSolution
		Debug|Any CPU = Debug|Any CPU
		Debug|x64 = Debug|x64
		Debug|x86 = Debug|x86
		Release|Any CPU = Release|Any CPU
		Release|x64 = Release|x64
		Release|x86 = Release|x86
	EndGlobalSection
	GlobalSection(ProjectConfigurationPlatforms) = postSolution
		{F34F65AC-F669-49EC-A42D-299C46260998}.Debug|Any CPU.ActiveCfg = Debug|Any CPU
		{F34F65AC-F669-49EC-A42D-299C46260998}.Debug|Any CPU.Build.0 = Debug|Any CPU
		{F34F65AC-F669-49EC-A42D-299C46260998}.Debug|x64.ActiveCfg = Debug|Any CPU
		{F34F65AC-F669-49EC-A42D-299C46260998}.Debug|x64.Build.0 = Debug|Any CPU
		{F34F65AC-F669-49EC-A42D-299C46260998}.Debug|x86.ActiveCfg = Debug|Any CPU
		{F34F65AC-F669-49EC-A42D-299C46260998}.Debug|x86.Build.0 = Debug|Any CPU
		{F34F65AC-F669-49EC-A42D-299C46260998}.Release|Any CPU.ActiveCfg = Release|Any CPU
		{F34F65AC-F669-49EC-A42D-299C46260998}.Release|Any CPU.Build.0 = Release|Any CPU
		{F34F65AC-F669-49EC-A42D-299C46260998}.Release|x64.ActiveCfg = Release|Any CPU
		{F34F65AC-F669-49EC-A42D-299C46260998}.Release|x64.Build.0 = Release|Any CPU
		{F34F65AC-F669-49EC-A42D-299C46260998}.Release|x86.ActiveCfg = Release|Any CPU
		{F34F65AC-F669-49EC-A42D-299C46260998}.Release|x86.Build.0 = Release|Any CPU
		{AAD3FC84-7948-4F52-AC9F-67B62837569B}.Debug|Any CPU.ActiveCfg = Debug|Any CPU
		{AAD3FC84-7948-4F52-AC9F-67B62837569B}.Debug|Any CPU.Build.0 = Debug|Any CPU
		{AAD3FC84-7948-4F52-AC9F-67B62837569B}.Debug|x64.ActiveCfg = Debug|Any CPU
		{AAD3FC84-7948-4F52-AC9F-67B62837569B}.Debug|x64.Build.0 = Debug|Any CPU
		{AAD3FC84-7948-4F52-AC9F-67B62837569B}.Debug|x86.ActiveCfg = Debug|Any CPU
		{AAD3FC84-7948-4F52-AC9F-67B62837569B}.Debug|x86.Build.0 = Debug|Any CPU
		{AAD3FC84-7948-4F52-AC9F-67B62837569B}.Release|Any CPU.ActiveCfg = Release|Any CPU
		{AAD3FC84-7948-4F52-AC9F-67B62837569B}.Release|Any CPU.Build.0 = Release|Any CPU
		{AAD3FC84-7948-4F52-AC9F-67B62837569B}.Release|x64.ActiveCfg = Release|Any CPU
		{AAD3FC84-7948-4F52-AC9F-67B62837569B}.Release|x64.Build.0 = Release|Any CPU
		{AAD3FC84-7948-4F52-AC9F-67B62837569B}.Release|x86.ActiveCfg = Release|Any CPU
		{AAD3FC84-7948-4F52-AC9F-67B62837569B}.Release|x86.Build.0 = Release|Any CPU
	EndGlobalSection
	GlobalSection(SolutionProperties) = preSolution
		HideSolutionNode = FALSE
	EndGlobalSection
	GlobalSection(NestedProjects) = preSolution
		{AAD3FC84-7948-4F52-AC9F-67B62837569B} = {5D20AA90-6969-D8BD-9DCD-8634F4692FDA}
	EndGlobalSection
	GlobalSection(ExtensibilityGlobals) = postSolution
		SolutionGuid = {41CB6E22-2697-4E6F-8DE8-02A02321BDDD}
	EndGlobalSection
EndGlobal
