
Microsoft Visual Studio Solution File, Format Version 12.00
# Visual Studio Version 17
VisualStudioVersion = 17.11.35431.28
MinimumVisualStudioVersion = 10.0.40219.1
Project("{9A19103F-16F7-4668-BE54-9A1E7A4F7556}") = "JobsPages4Hangfire.Dashboard", "JobsPages4Hangfire.Dashboard\JobsPages4Hangfire.Dashboard.csproj", "{F34F65AC-F669-49EC-A42D-299C46260998}"
EndProject
Global
	GlobalSection(SolutionConfigurationPlatforms) = preSolution
		Debug|Any CPU = Debug|Any CPU
		Release|Any CPU = Release|Any CPU
	EndGlobalSection
	GlobalSection(ProjectConfigurationPlatforms) = postSolution
		{F34F65AC-F669-49EC-A42D-299C46260998}.Debug|Any CPU.ActiveCfg = Debug|Any CPU
		{F34F65AC-F669-49EC-A42D-299C46260998}.Debug|Any CPU.Build.0 = Debug|Any CPU
		{F34F65AC-F669-49EC-A42D-299C46260998}.Release|Any CPU.ActiveCfg = Release|Any CPU
		{F34F65AC-F669-49EC-A42D-299C46260998}.Release|Any CPU.Build.0 = Release|Any CPU
	EndGlobalSection
	GlobalSection(SolutionProperties) = preSolution
		HideSolutionNode = FALSE
	EndGlobalSection
	GlobalSection(ExtensibilityGlobals) = postSolution
		SolutionGuid = {41CB6E22-2697-4E6F-8DE8-02A02321BDDD}
	EndGlobalSection
EndGlobal
